
Microsoft Visual Studio Solution File, Format Version 12.00
# Visual Studio Version 17
VisualStudioVersion = 17.5.002.0
MinimumVisualStudioVersion = 10.0.40219.1
Project("{9A19103F-16F7-4668-BE54-9A1E7A4F7556}") = "aoc24", "aoc24.csproj", "{E20EC1D2-95FA-4600-B60C-6458FC29448B}"
EndProject
Global
	GlobalSection(SolutionConfigurationPlatforms) = preSolution
		Debug|Any CPU = Debug|Any CPU
		Release|Any CPU = Release|Any CPU
	EndGlobalSection
	GlobalSection(ProjectConfigurationPlatforms) = postSolution
		{E20EC1D2-95FA-4600-B60C-6458FC29448B}.Debug|Any CPU.ActiveCfg = Debug|Any CPU
		{E20EC1D2-95FA-4600-B60C-6458FC29448B}.Debug|Any CPU.Build.0 = Debug|Any CPU
		{E20EC1D2-95FA-4600-B60C-6458FC29448B}.Release|Any CPU.ActiveCfg = Release|Any CPU
		{E20EC1D2-95FA-4600-B60C-6458FC29448B}.Release|Any CPU.Build.0 = Release|Any CPU
	EndGlobalSection
	GlobalSection(SolutionProperties) = preSolution
		HideSolutionNode = FALSE
	EndGlobalSection
	GlobalSection(ExtensibilityGlobals) = postSolution
		SolutionGuid = {F8DF2638-526C-4963-AF7D-8A74EB51EA22}
	EndGlobalSection
EndGlobal
